
Microsoft Visual Studio Solution File, Format Version 12.00
# Visual Studio 15
VisualStudioVersion = 15.0.27130.2024
MinimumVisualStudioVersion = 10.0.40219.1
Project("{FAE04EC0-301F-11D3-BF4B-00C04F79EFBC}") = "ServiceKiller.Core", "ServiceKiller.Core\ServiceKiller.Core.csproj", "{7BEB596E-8AC0-42DA-A433-54E67AF48267}"
EndProject
Project("{FAE04EC0-301F-11D3-BF4B-00C04F79EFBC}") = "ServiceKiller.Cmd", "ServiceKiller.Cmd\ServiceKiller.Cmd.csproj", "{907DAD84-EEF2-461F-8B2B-AFCDECA832A1}"
EndProject
Project("{FAE04EC0-301F-11D3-BF4B-00C04F79EFBC}") = "ServiceKiller.Svc", "ServiceKiller.Svc\ServiceKiller.Svc.csproj", "{7B3D0BBD-8CAC-459A-A50F-85000E7130C9}"
EndProject
Global
	GlobalSection(SolutionConfigurationPlatforms) = preSolution
		Debug|Any CPU = Debug|Any CPU
		Release|Any CPU = Release|Any CPU
	EndGlobalSection
	GlobalSection(ProjectConfigurationPlatforms) = postSolution
		{7BEB596E-8AC0-42DA-A433-54E67AF48267}.Debug|Any CPU.ActiveCfg = Debug|Any CPU
		{7BEB596E-8AC0-42DA-A433-54E67AF48267}.Debug|Any CPU.Build.0 = Debug|Any CPU
		{7BEB596E-8AC0-42DA-A433-54E67AF48267}.Release|Any CPU.ActiveCfg = Release|Any CPU
		{7BEB596E-8AC0-42DA-A433-54E67AF48267}.Release|Any CPU.Build.0 = Release|Any CPU
		{907DAD84-EEF2-461F-8B2B-AFCDECA832A1}.Debug|Any CPU.ActiveCfg = Debug|Any CPU
		{907DAD84-EEF2-461F-8B2B-AFCDECA832A1}.Debug|Any CPU.Build.0 = Debug|Any CPU
		{907DAD84-EEF2-461F-8B2B-AFCDECA832A1}.Release|Any CPU.ActiveCfg = Release|Any CPU
		{907DAD84-EEF2-461F-8B2B-AFCDECA832A1}.Release|Any CPU.Build.0 = Release|Any CPU
		{7B3D0BBD-8CAC-459A-A50F-85000E7130C9}.Debug|Any CPU.ActiveCfg = Debug|Any CPU
		{7B3D0BBD-8CAC-459A-A50F-85000E7130C9}.Debug|Any CPU.Build.0 = Debug|Any CPU
		{7B3D0BBD-8CAC-459A-A50F-85000E7130C9}.Release|Any CPU.ActiveCfg = Release|Any CPU
		{7B3D0BBD-8CAC-459A-A50F-85000E7130C9}.Release|Any CPU.Build.0 = Release|Any CPU
	EndGlobalSection
	GlobalSection(SolutionProperties) = preSolution
		HideSolutionNode = FALSE
	EndGlobalSection
	GlobalSection(ExtensibilityGlobals) = postSolution
		SolutionGuid = {8A308220-70E0-4674-B0CD-8C0FF19E5A15}
	EndGlobalSection
EndGlobal
